
Microsoft Visual Studio Solution File, Format Version 12.00
# Visual Studio 15
VisualStudioVersion = 15.0.28307.168
MinimumVisualStudioVersion = 10.0.40219.1
Project("{FAE04EC0-301F-11D3-BF4B-00C04F79EFBC}") = "Blog", "IdentityBlog\Blog.csproj", "{33ABAD40-D2D4-4A82-8570-8803E4CDD48B}"
EndProject
Project("{FAE04EC0-301F-11D3-BF4B-00C04F79EFBC}") = "Blog.Core", "..\Blog\Blog.Core\Blog.Core.csproj", "{BD16C61C-867F-43B1-9FDE-20875F86DC43}"
EndProject
Project("{FAE04EC0-301F-11D3-BF4B-00C04F79EFBC}") = "Blog.Data", "..\Blog\Blog.Data\Blog.Data.csproj", "{34D1F154-18E7-4830-9CF7-1B71A26B8EDA}"
EndProject
Global
	GlobalSection(SolutionConfigurationPlatforms) = preSolution
		Debug|Any CPU = Debug|Any CPU
		Release|Any CPU = Release|Any CPU
	EndGlobalSection
	GlobalSection(ProjectConfigurationPlatforms) = postSolution
		{33ABAD40-D2D4-4A82-8570-8803E4CDD48B}.Debug|Any CPU.ActiveCfg = Debug|Any CPU
		{33ABAD40-D2D4-4A82-8570-8803E4CDD48B}.Debug|Any CPU.Build.0 = Debug|Any CPU
		{33ABAD40-D2D4-4A82-8570-8803E4CDD48B}.Release|Any CPU.ActiveCfg = Release|Any CPU
		{33ABAD40-D2D4-4A82-8570-8803E4CDD48B}.Release|Any CPU.Build.0 = Release|Any CPU
		{BD16C61C-867F-43B1-9FDE-20875F86DC43}.Debug|Any CPU.ActiveCfg = Debug|Any CPU
		{BD16C61C-867F-43B1-9FDE-20875F86DC43}.Debug|Any CPU.Build.0 = Debug|Any CPU
		{BD16C61C-867F-43B1-9FDE-20875F86DC43}.Release|Any CPU.ActiveCfg = Release|Any CPU
		{BD16C61C-867F-43B1-9FDE-20875F86DC43}.Release|Any CPU.Build.0 = Release|Any CPU
		{34D1F154-18E7-4830-9CF7-1B71A26B8EDA}.Debug|Any CPU.ActiveCfg = Debug|Any CPU
		{34D1F154-18E7-4830-9CF7-1B71A26B8EDA}.Debug|Any CPU.Build.0 = Debug|Any CPU
		{34D1F154-18E7-4830-9CF7-1B71A26B8EDA}.Release|Any CPU.ActiveCfg = Release|Any CPU
		{34D1F154-18E7-4830-9CF7-1B71A26B8EDA}.Release|Any CPU.Build.0 = Release|Any CPU
	EndGlobalSection
	GlobalSection(SolutionProperties) = preSolution
		HideSolutionNode = FALSE
	EndGlobalSection
	GlobalSection(ExtensibilityGlobals) = postSolution
		SolutionGuid = {33F084B1-8993-41A8-B72D-0C0082B7C842}
	EndGlobalSection
EndGlobal
